
Microsoft Visual Studio Solution File, Format Version 12.00
# Visual Studio Version 16
VisualStudioVersion = 16.0.30611.23
MinimumVisualStudioVersion = 10.0.40219.1
Project("{9A19103F-16F7-4668-BE54-9A1E7A4F7556}") = "BlazorSounds", "BlazorSounds\BlazorSounds.csproj", "{D9CE8B72-C302-4207-B981-F24D67183CEE}"
EndProject
Global
	GlobalSection(SolutionConfigurationPlatforms) = preSolution
		Debug|Any CPU = Debug|Any CPU
		Release|Any CPU = Release|Any CPU
	EndGlobalSection
	GlobalSection(ProjectConfigurationPlatforms) = postSolution
		{D9CE8B72-C302-4207-B981-F24D67183CEE}.Debug|Any CPU.ActiveCfg = Debug|Any CPU
		{D9CE8B72-C302-4207-B981-F24D67183CEE}.Debug|Any CPU.Build.0 = Debug|Any CPU
		{D9CE8B72-C302-4207-B981-F24D67183CEE}.Release|Any CPU.ActiveCfg = Release|Any CPU
		{D9CE8B72-C302-4207-B981-F24D67183CEE}.Release|Any CPU.Build.0 = Release|Any CPU
	EndGlobalSection
	GlobalSection(SolutionProperties) = preSolution
		HideSolutionNode = FALSE
	EndGlobalSection
	GlobalSection(ExtensibilityGlobals) = postSolution
		SolutionGuid = {14B73545-9489-44F9-9E41-519C02A8C10E}
	EndGlobalSection
EndGlobal
